
Microsoft Visual Studio Solution File, Format Version 12.00
# Visual Studio 15
VisualStudioVersion = 15.0.28307.779
MinimumVisualStudioVersion = 10.0.40219.1
Project("{FAE04EC0-301F-11D3-BF4B-00C04F79EFBC}") = "Albornoz.Santiago", "MenuPrincipal\Albornoz.Santiago.csproj", "{B2A357A8-0475-467F-ACB1-C8A714E9E3CF}"
EndProject
Project("{FAE04EC0-301F-11D3-BF4B-00C04F79EFBC}") = "Entidades", "Entidades\Entidades.csproj", "{D451A6B0-66CD-4EFC-86F9-D22B6527684F}"
EndProject
Project("{FAE04EC0-301F-11D3-BF4B-00C04F79EFBC}") = "UnitTestProject1", "UnitTestProject1\UnitTestProject1.csproj", "{90797002-F5CA-45D8-915F-0FB71F0AEDC0}"
EndProject
Global
	GlobalSection(SolutionConfigurationPlatforms) = preSolution
		Debug|Any CPU = Debug|Any CPU
		Release|Any CPU = Release|Any CPU
	EndGlobalSection
	GlobalSection(ProjectConfigurationPlatforms) = postSolution
		{B2A357A8-0475-467F-ACB1-C8A714E9E3CF}.Debug|Any CPU.ActiveCfg = Debug|Any CPU
		{B2A357A8-0475-467F-ACB1-C8A714E9E3CF}.Debug|Any CPU.Build.0 = Debug|Any CPU
		{B2A357A8-0475-467F-ACB1-C8A714E9E3CF}.Release|Any CPU.ActiveCfg = Release|Any CPU
		{B2A357A8-0475-467F-ACB1-C8A714E9E3CF}.Release|Any CPU.Build.0 = Release|Any CPU
		{D451A6B0-66CD-4EFC-86F9-D22B6527684F}.Debug|Any CPU.ActiveCfg = Debug|Any CPU
		{D451A6B0-66CD-4EFC-86F9-D22B6527684F}.Debug|Any CPU.Build.0 = Debug|Any CPU
		{D451A6B0-66CD-4EFC-86F9-D22B6527684F}.Release|Any CPU.ActiveCfg = Release|Any CPU
		{D451A6B0-66CD-4EFC-86F9-D22B6527684F}.Release|Any CPU.Build.0 = Release|Any CPU
		{90797002-F5CA-45D8-915F-0FB71F0AEDC0}.Debug|Any CPU.ActiveCfg = Debug|Any CPU
		{90797002-F5CA-45D8-915F-0FB71F0AEDC0}.Debug|Any CPU.Build.0 = Debug|Any CPU
		{90797002-F5CA-45D8-915F-0FB71F0AEDC0}.Release|Any CPU.ActiveCfg = Release|Any CPU
		{90797002-F5CA-45D8-915F-0FB71F0AEDC0}.Release|Any CPU.Build.0 = Release|Any CPU
	EndGlobalSection
	GlobalSection(SolutionProperties) = preSolution
		HideSolutionNode = FALSE
	EndGlobalSection
	GlobalSection(ExtensibilityGlobals) = postSolution
		SolutionGuid = {B5DC4E3F-D741-4A59-AFF8-323EFFC44607}
	EndGlobalSection
EndGlobal
